FORGE
  remote: http://forge.puppetlabs.com
  specs:
    puppetlabs/apt (1.2.0)
      puppetlabs/stdlib (>= 2.2.1)
    puppetlabs/stdlib (4.1.0)

GIT
  remote: git://github.com/jenkinsci/puppet-jenkins.git
  ref: master
  sha: d0d827dfcbe9c3204eef805dd1b7e80d5029be70
  specs:
    jenkins (0.2.4)
      puppetlabs/apt (>= 0.0.3)
      puppetlabs/stdlib (>= 2.0.0)

GIT
  remote: git://github.com/puppetlabs/puppetlabs-apt.git
  ref: master
  sha: c0872c04a9db1f79a719fb5c963113746e6abf4e
  specs:
    apt (1.2.0)
      puppetlabs/stdlib (>= 2.2.1)

GIT
  remote: git://github.com/puppetlabs/puppetlabs-stdlib.git
  ref: master
  sha: 0a02295c42a8cc22db86672bf69e6f0dd7046a5c
  specs:
    stdlib (4.1.0)

DEPENDENCIES
  apt (>= 0)
  jenkins (>= 0)
  stdlib (>= 0)

